
Microsoft Visual Studio Solution File, Format Version 12.00
# Visual Studio 14
VisualStudioVersion = 14.0.24720.0
MinimumVisualStudioVersion = 10.0.40219.1
Project("{FAE04EC0-301F-11D3-BF4B-00C04F79EFBC}") = "nSwagger", "nSwagger\nSwagger.csproj", "{96C007FC-5349-4919-88B9-02A7801952B3}"
EndProject
Project("{FAE04EC0-301F-11D3-BF4B-00C04F79EFBC}") = "nSwagger.Console", "nSwagger.Console\nSwagger.Console.csproj", "{468112FA-7FDA-438F-A6BE-6F65B8F77AED}"
EndProject
Project("{FAE04EC0-301F-11D3-BF4B-00C04F79EFBC}") = "nSwagger.VS2015", "nSwagger.VS2015\nSwagger.VS2015.csproj", "{FA43CC1D-EF92-467A-8324-C0D2C3BD9970}"
EndProject
Project("{FAE04EC0-301F-11D3-BF4B-00C04F79EFBC}") = "nSwagger.GUI", "nSwagger.GUI\nSwagger.GUI.csproj", "{FF12B19F-3D7A-42A1-89F7-DF55244424EB}"
EndProject
Project("{FAE04EC0-301F-11D3-BF4B-00C04F79EFBC}") = "nSwagger.SampleRunner", "nSwagger.SampleRunner\nSwagger.SampleRunner.csproj", "{3C173D85-A8B4-4F05-ABA8-137934AF70C6}"
EndProject
Project("{2150E333-8FDC-42A3-9474-1A3956D46DE8}") = "Solution Items", "Solution Items", "{992AD1AD-BCFF-4EF2-9EE6-C5CD1BE73173}"
	ProjectSection(SolutionItems) = preProject
		appveyor.yml = appveyor.yml
		CHANGELOG.md = CHANGELOG.md
		CONTRIBUTING.md = CONTRIBUTING.md
	EndProjectSection
EndProject
Global
	GlobalSection(SolutionConfigurationPlatforms) = preSolution
		consoleAppVeyor|Any CPU = consoleAppVeyor|Any CPU
		Debug|Any CPU = Debug|Any CPU
		Release|Any CPU = Release|Any CPU
		wpfAppVeyor|Any CPU = wpfAppVeyor|Any CPU
	EndGlobalSection
	GlobalSection(ProjectConfigurationPlatforms) = postSolution
		{96C007FC-5349-4919-88B9-02A7801952B3}.consoleAppVeyor|Any CPU.ActiveCfg = consoleAppVeyor|Any CPU
		{96C007FC-5349-4919-88B9-02A7801952B3}.consoleAppVeyor|Any CPU.Build.0 = consoleAppVeyor|Any CPU
		{96C007FC-5349-4919-88B9-02A7801952B3}.Debug|Any CPU.ActiveCfg = Debug|Any CPU
		{96C007FC-5349-4919-88B9-02A7801952B3}.Debug|Any CPU.Build.0 = Debug|Any CPU
		{96C007FC-5349-4919-88B9-02A7801952B3}.Release|Any CPU.ActiveCfg = Release|Any CPU
		{96C007FC-5349-4919-88B9-02A7801952B3}.Release|Any CPU.Build.0 = Release|Any CPU
		{96C007FC-5349-4919-88B9-02A7801952B3}.wpfAppVeyor|Any CPU.ActiveCfg = wpfAppVeyor|Any CPU
		{96C007FC-5349-4919-88B9-02A7801952B3}.wpfAppVeyor|Any CPU.Build.0 = wpfAppVeyor|Any CPU
		{468112FA-7FDA-438F-A6BE-6F65B8F77AED}.consoleAppVeyor|Any CPU.ActiveCfg = consoleAppVeyor|Any CPU
		{468112FA-7FDA-438F-A6BE-6F65B8F77AED}.consoleAppVeyor|Any CPU.Build.0 = consoleAppVeyor|Any CPU
		{468112FA-7FDA-438F-A6BE-6F65B8F77AED}.Debug|Any CPU.ActiveCfg = Debug|Any CPU
		{468112FA-7FDA-438F-A6BE-6F65B8F77AED}.Debug|Any CPU.Build.0 = Debug|Any CPU
		{468112FA-7FDA-438F-A6BE-6F65B8F77AED}.Release|Any CPU.ActiveCfg = Release|Any CPU
		{468112FA-7FDA-438F-A6BE-6F65B8F77AED}.Release|Any CPU.Build.0 = Release|Any CPU
		{468112FA-7FDA-438F-A6BE-6F65B8F77AED}.wpfAppVeyor|Any CPU.ActiveCfg = wpfAppVeyor|Any CPU
		{FA43CC1D-EF92-467A-8324-C0D2C3BD9970}.consoleAppVeyor|Any CPU.ActiveCfg = consoleAppVeyor|Any CPU
		{FA43CC1D-EF92-467A-8324-C0D2C3BD9970}.Debug|Any CPU.ActiveCfg = Debug|Any CPU
		{FA43CC1D-EF92-467A-8324-C0D2C3BD9970}.Debug|Any CPU.Build.0 = Debug|Any CPU
		{FA43CC1D-EF92-467A-8324-C0D2C3BD9970}.Release|Any CPU.ActiveCfg = Release|Any CPU
		{FA43CC1D-EF92-467A-8324-C0D2C3BD9970}.Release|Any CPU.Build.0 = Release|Any CPU
		{FA43CC1D-EF92-467A-8324-C0D2C3BD9970}.wpfAppVeyor|Any CPU.ActiveCfg = wpfAppVeyor|Any CPU
		{FF12B19F-3D7A-42A1-89F7-DF55244424EB}.consoleAppVeyor|Any CPU.ActiveCfg = consoleAppVeyor|Any CPU
		{FF12B19F-3D7A-42A1-89F7-DF55244424EB}.Debug|Any CPU.ActiveCfg = Debug|Any CPU
		{FF12B19F-3D7A-42A1-89F7-DF55244424EB}.Debug|Any CPU.Build.0 = Debug|Any CPU
		{FF12B19F-3D7A-42A1-89F7-DF55244424EB}.Release|Any CPU.ActiveCfg = Release|Any CPU
		{FF12B19F-3D7A-42A1-89F7-DF55244424EB}.Release|Any CPU.Build.0 = Release|Any CPU
		{FF12B19F-3D7A-42A1-89F7-DF55244424EB}.wpfAppVeyor|Any CPU.ActiveCfg = wpfAppVeyor|Any CPU
		{FF12B19F-3D7A-42A1-89F7-DF55244424EB}.wpfAppVeyor|Any CPU.Build.0 = wpfAppVeyor|Any CPU
		{3C173D85-A8B4-4F05-ABA8-137934AF70C6}.consoleAppVeyor|Any CPU.ActiveCfg = Release|Any CPU
		{3C173D85-A8B4-4F05-ABA8-137934AF70C6}.consoleAppVeyor|Any CPU.Build.0 = Release|Any CPU
		{3C173D85-A8B4-4F05-ABA8-137934AF70C6}.Debug|Any CPU.ActiveCfg = Debug|Any CPU
		{3C173D85-A8B4-4F05-ABA8-137934AF70C6}.Debug|Any CPU.Build.0 = Debug|Any CPU
		{3C173D85-A8B4-4F05-ABA8-137934AF70C6}.Release|Any CPU.ActiveCfg = Release|Any CPU
		{3C173D85-A8B4-4F05-ABA8-137934AF70C6}.Release|Any CPU.Build.0 = Release|Any CPU
		{3C173D85-A8B4-4F05-ABA8-137934AF70C6}.wpfAppVeyor|Any CPU.ActiveCfg = Release|Any CPU
		{3C173D85-A8B4-4F05-ABA8-137934AF70C6}.wpfAppVeyor|Any CPU.Build.0 = Release|Any CPU
	EndGlobalSection
	GlobalSection(SolutionProperties) = preSolution
		HideSolutionNode = FALSE
	EndGlobalSection
EndGlobal
