
Microsoft Visual Studio Solution File, Format Version 12.00
# Visual Studio 14
VisualStudioVersion = 14.0.23107.0
MinimumVisualStudioVersion = 10.0.40219.1
Project("{FAE04EC0-301F-11D3-BF4B-00C04F79EFBC}") = "SwaggerParser", "SwaggerParser\SwaggerParser.csproj", "{45AC6CF2-2C06-4EF9-8574-6BCA0B7D3725}"
EndProject
Global
	GlobalSection(SolutionConfigurationPlatforms) = preSolution
		Debug|Any CPU = Debug|Any CPU
		Release|Any CPU = Release|Any CPU
	EndGlobalSection
	GlobalSection(ProjectConfigurationPlatforms) = postSolution
		{45AC6CF2-2C06-4EF9-8574-6BCA0B7D3725}.Debug|Any CPU.ActiveCfg = Debug|Any CPU
		{45AC6CF2-2C06-4EF9-8574-6BCA0B7D3725}.Debug|Any CPU.Build.0 = Debug|Any CPU
		{45AC6CF2-2C06-4EF9-8574-6BCA0B7D3725}.Release|Any CPU.ActiveCfg = Release|Any CPU
		{45AC6CF2-2C06-4EF9-8574-6BCA0B7D3725}.Release|Any CPU.Build.0 = Release|Any CPU
	EndGlobalSection
	GlobalSection(SolutionProperties) = preSolution
		HideSolutionNode = FALSE
	EndGlobalSection
EndGlobal
